// !$*UTF8*$!
{
	archiveVersion = 1;
	classes = {
	};
	objectVersion = 56;
	objects = {

/* Begin PBXBuildFile section */
		97977C632A6BAC1F00BC89E0 /* ListContentView.swift in Sources */ = {isa = PBXBuildFile; fileRef = 97977C622A6BAC1F00BC89E0 /* ListContentView.swift */; };
		97977C652A6BACAB00BC89E0 /* BikeStation.swift in Sources */ = {isa = PBXBuildFile; fileRef = 97977C642A6BACAB00BC89E0 /* BikeStation.swift */; };
		97977C672A6BC2D400BC89E0 /* ViewModel.swift in Sources */ = {isa = PBXBuildFile; fileRef = 97977C662A6BC2D400BC89E0 /* ViewModel.swift */; };
		97977C692A6E030000BC89E0 /* AlamoFireInterface.swift in Sources */ = {isa = PBXBuildFile; fileRef = 97977C682A6E030000BC89E0 /* AlamoFireInterface.swift */; };
		97FD07292A6AD49A00A64808 /* YouBikeTestApp.swift in Sources */ = {isa = PBXBuildFile; fileRef = 97FD07282A6AD49A00A64808 /* YouBikeTestApp.swift */; };
		97FD072B2A6AD49B00A64808 /* ContentView.swift in Sources */ = {isa = PBXBuildFile; fileRef = 97FD072A2A6AD49B00A64808 /* ContentView.swift */; };
		97FD072D2A6AD49C00A64808 /* Assets.xcassets in Resources */ = {isa = PBXBuildFile; fileRef = 97FD072C2A6AD49C00A64808 /* Assets.xcassets */; };
		97FD07302A6AD49C00A64808 /* Preview Assets.xcassets in Resources */ = {isa = PBXBuildFile; fileRef = 97FD072F2A6AD49C00A64808 /* Preview Assets.xcassets */; };
		97FD073A2A6AD49D00A64808 /* YouBikeTestTests.swift in Sources */ = {isa = PBXBuildFile; fileRef = 97FD07392A6AD49D00A64808 /* YouBikeTestTests.swift */; };
		97FD07442A6AD49D00A64808 /* YouBikeTestUITests.swift in Sources */ = {isa = PBXBuildFile; fileRef = 97FD07432A6AD49D00A64808 /* YouBikeTestUITests.swift */; };
		97FD07462A6AD49D00A64808 /* YouBikeTestUITestsLaunchTests.swift in Sources */ = {isa = PBXBuildFile; fileRef = 97FD07452A6AD49D00A64808 /* YouBikeTestUITestsLaunchTests.swift */; };
		97FD07692A6B5E3E00A64808 /* RxSwift in Frameworks */ = {isa = PBXBuildFile; productRef = 97FD07682A6B5E3E00A64808 /* RxSwift */; };
		97FD076B2A6B5E4300A64808 /* RxCocoa in Frameworks */ = {isa = PBXBuildFile; productRef = 97FD076A2A6B5E4300A64808 /* RxCocoa */; };
		97FD076D2A6B5E4600A64808 /* RxRelay in Frameworks */ = {isa = PBXBuildFile; productRef = 97FD076C2A6B5E4600A64808 /* RxRelay */; };
		97FD07702A6B5E7F00A64808 /* Alamofire in Frameworks */ = {isa = PBXBuildFile; productRef = 97FD076F2A6B5E7F00A64808 /* Alamofire */; };
		97FD07722A6B688000A64808 /* UIColor.swift in Sources */ = {isa = PBXBuildFile; fileRef = 97FD07712A6B688000A64808 /* UIColor.swift */; };
/* End PBXBuildFile section */

/* Begin PBXContainerItemProxy section */
		97FD07362A6AD49D00A64808 /* PBXContainerItemProxy */ = {
			isa = PBXContainerItemProxy;
			containerPortal = 97FD071D2A6AD49A00A64808 /* Project object */;
			proxyType = 1;
			remoteGlobalIDString = 97FD07242A6AD49A00A64808;
			remoteInfo = YouBikeTest;
		};
		97FD07402A6AD49D00A64808 /* PBXContainerItemProxy */ = {
			isa = PBXContainerItemProxy;
			containerPortal = 97FD071D2A6AD49A00A64808 /* Project object */;
			proxyType = 1;
			remoteGlobalIDString = 97FD07242A6AD49A00A64808;
			remoteInfo = YouBikeTest;
		};
/* End PBXContainerItemProxy section */

/* Begin PBXFileReference section */
		97977C622A6BAC1F00BC89E0 /* ListContentView.swift */ = {isa = PBXFileReference; lastKnownFileType = sourcecode.swift; path = ListContentView.swift; sourceTree = "<group>"; };
		97977C642A6BACAB00BC89E0 /* BikeStation.swift */ = {isa = PBXFileReference; lastKnownFileType = sourcecode.swift; path = BikeStation.swift; sourceTree = "<group>"; };
		97977C662A6BC2D400BC89E0 /* ViewModel.swift */ = {isa = PBXFileReference; lastKnownFileType = sourcecode.swift; path = ViewModel.swift; sourceTree = "<group>"; };
		97977C682A6E030000BC89E0 /* AlamoFireInterface.swift */ = {isa = PBXFileReference; lastKnownFileType = sourcecode.swift; path = AlamoFireInterface.swift; sourceTree = "<group>"; };
		97FD07252A6AD49A00A64808 /* YouBikeTest.app */ = {isa = PBXFileReference; explicitFileType = wrapper.application; includeInIndex = 0; path = YouBikeTest.app; sourceTree = BUILT_PRODUCTS_DIR; };
		97FD07282A6AD49A00A64808 /* YouBikeTestApp.swift */ = {isa = PBXFileReference; lastKnownFileType = sourcecode.swift; path = YouBikeTestApp.swift; sourceTree = "<group>"; };
		97FD072A2A6AD49B00A64808 /* ContentView.swift */ = {isa = PBXFileReference; lastKnownFileType = sourcecode.swift; path = ContentView.swift; sourceTree = "<group>"; };
		97FD072C2A6AD49C00A64808 /* Assets.xcassets */ = {isa = PBXFileReference; lastKnownFileType = folder.assetcatalog; path = Assets.xcassets; sourceTree = "<group>"; };
		97FD072F2A6AD49C00A64808 /* Preview Assets.xcassets */ = {isa = PBXFileReference; lastKnownFileType = folder.assetcatalog; path = "Preview Assets.xcassets"; sourceTree = "<group>"; };
		97FD07352A6AD49D00A64808 /* YouBikeTestTests.xctest */ = {isa = PBXFileReference; explicitFileType = wrapper.cfbundle; includeInIndex = 0; path = YouBikeTestTests.xctest; sourceTree = BUILT_PRODUCTS_DIR; };
		97FD07392A6AD49D00A64808 /* YouBikeTestTests.swift */ = {isa = PBXFileReference; lastKnownFileType = sourcecode.swift; path = YouBikeTestTests.swift; sourceTree = "<group>"; };
		97FD073F2A6AD49D00A64808 /* YouBikeTestUITests.xctest */ = {isa = PBXFileReference; explicitFileType = wrapper.cfbundle; includeInIndex = 0; path = YouBikeTestUITests.xctest; sourceTree = BUILT_PRODUCTS_DIR; };
		97FD07432A6AD49D00A64808 /* YouBikeTestUITests.swift */ = {isa = PBXFileReference; lastKnownFileType = sourcecode.swift; path = YouBikeTestUITests.swift; sourceTree = "<group>"; };
		97FD07452A6AD49D00A64808 /* YouBikeTestUITestsLaunchTests.swift */ = {isa = PBXFileReference; lastKnownFileType = sourcecode.swift; path = YouBikeTestUITestsLaunchTests.swift; sourceTree = "<group>"; };
		97FD07712A6B688000A64808 /* UIColor.swift */ = {isa = PBXFileReference; lastKnownFileType = sourcecode.swift; path = UIColor.swift; sourceTree = "<group>"; };
/* End PBXFileReference section */

/* Begin PBXFrameworksBuildPhase section */
		97FD07222A6AD49A00A64808 /* Frameworks */ = {
			isa = PBXFrameworksBuildPhase;
			buildActionMask = 2147483647;
			files = (
				97FD076D2A6B5E4600A64808 /* RxRelay in Frameworks */,
				97FD07702A6B5E7F00A64808 /* Alamofire in Frameworks */,
				97FD076B2A6B5E4300A64808 /* RxCocoa in Frameworks */,
				97FD07692A6B5E3E00A64808 /* RxSwift in Frameworks */,
			);
			runOnlyForDeploymentPostprocessing = 0;
		};
		97FD07322A6AD49D00A64808 /* Frameworks */ = {
			isa = PBXFrameworksBuildPhase;
			buildActionMask = 2147483647;
			files = (
			);
			runOnlyForDeploymentPostprocessing = 0;
		};
		97FD073C2A6AD49D00A64808 /* Frameworks */ = {
			isa = PBXFrameworksBuildPhase;
			buildActionMask = 2147483647;
			files = (
			);
			runOnlyForDeploymentPostprocessing = 0;
		};
/* End PBXFrameworksBuildPhase section */

/* Begin PBXGroup section */
		97FD071C2A6AD49A00A64808 = {
			isa = PBXGroup;
			children = (
				97FD07272A6AD49A00A64808 /* YouBikeTest */,
				97FD07382A6AD49D00A64808 /* YouBikeTestTests */,
				97FD07422A6AD49D00A64808 /* YouBikeTestUITests */,
				97FD07262A6AD49A00A64808 /* Products */,
				97FD07672A6B5E3E00A64808 /* Frameworks */,
			);
			sourceTree = "<group>";
		};
		97FD07262A6AD49A00A64808 /* Products */ = {
			isa = PBXGroup;
			children = (
				97FD07252A6AD49A00A64808 /* YouBikeTest.app */,
				97FD07352A6AD49D00A64808 /* YouBikeTestTests.xctest */,
				97FD073F2A6AD49D00A64808 /* YouBikeTestUITests.xctest */,
			);
			name = Products;
			sourceTree = "<group>";
		};
		97FD07272A6AD49A00A64808 /* YouBikeTest */ = {
			isa = PBXGroup;
			children = (
				97FD07282A6AD49A00A64808 /* YouBikeTestApp.swift */,
				97FD072A2A6AD49B00A64808 /* ContentView.swift */,
				97977C642A6BACAB00BC89E0 /* BikeStation.swift */,
				97FD07712A6B688000A64808 /* UIColor.swift */,
				97977C662A6BC2D400BC89E0 /* ViewModel.swift */,
				97977C682A6E030000BC89E0 /* AlamoFireInterface.swift */,
				97FD072C2A6AD49C00A64808 /* Assets.xcassets */,
				97977C622A6BAC1F00BC89E0 /* ListContentView.swift */,
				97FD072E2A6AD49C00A64808 /* Preview Content */,
			);
			path = YouBikeTest;
			sourceTree = "<group>";
		};
		97FD072E2A6AD49C00A64808 /* Preview Content */ = {
			isa = PBXGroup;
			children = (
				97FD072F2A6AD49C00A64808 /* Preview Assets.xcassets */,
			);
			path = "Preview Content";
			sourceTree = "<group>";
		};
		97FD07382A6AD49D00A64808 /* YouBikeTestTests */ = {
			isa = PBXGroup;
			children = (
				97FD07392A6AD49D00A64808 /* YouBikeTestTests.swift */,
			);
			path = YouBikeTestTests;
			sourceTree = "<group>";
		};
		97FD07422A6AD49D00A64808 /* YouBikeTestUITests */ = {
			isa = PBXGroup;
			children = (
				97FD07432A6AD49D00A64808 /* YouBikeTestUITests.swift */,
				97FD07452A6AD49D00A64808 /* YouBikeTestUITestsLaunchTests.swift */,
			);
			path = YouBikeTestUITests;
			sourceTree = "<group>";
		};
		97FD07672A6B5E3E00A64808 /* Frameworks */ = {
			isa = PBXGroup;
			children = (
			);
			name = Frameworks;
			sourceTree = "<group>";
		};
/* End PBXGroup section */

/* Begin PBXNativeTarget section */
		97FD07242A6AD49A00A64808 /* YouBikeTest */ = {
			isa = PBXNativeTarget;
			buildConfigurationList = 97FD07492A6AD49D00A64808 /* Build configuration list for PBXNativeTarget "YouBikeTest" */;
			buildPhases = (
				97FD07212A6AD49A00A64808 /* Sources */,
				97FD07222A6AD49A00A64808 /* Frameworks */,
				97FD07232A6AD49A00A64808 /* Resources */,
			);
			buildRules = (
			);
			dependencies = (
			);
			name = YouBikeTest;
			packageProductDependencies = (
				97FD07682A6B5E3E00A64808 /* RxSwift */,
				97FD076A2A6B5E4300A64808 /* RxCocoa */,
				97FD076C2A6B5E4600A64808 /* RxRelay */,
				97FD076F2A6B5E7F00A64808 /* Alamofire */,
			);
			productName = YouBikeTest;
			productReference = 97FD07252A6AD49A00A64808 /* YouBikeTest.app */;
			productType = "com.apple.product-type.application";
		};
		97FD07342A6AD49D00A64808 /* YouBikeTestTests */ = {
			isa = PBXNativeTarget;
			buildConfigurationList = 97FD074C2A6AD49D00A64808 /* Build configuration list for PBXNativeTarget "YouBikeTestTests" */;
			buildPhases = (
				97FD07312A6AD49D00A64808 /* Sources */,
				97FD07322A6AD49D00A64808 /* Frameworks */,
				97FD07332A6AD49D00A64808 /* Resources */,
			);
			buildRules = (
			);
			dependencies = (
				97FD07372A6AD49D00A64808 /* PBXTargetDependency */,
			);
			name = YouBikeTestTests;
			productName = YouBikeTestTests;
			productReference = 97FD07352A6AD49D00A64808 /* YouBikeTestTests.xctest */;
			productType = "com.apple.product-type.bundle.unit-test";
		};
		97FD073E2A6AD49D00A64808 /* YouBikeTestUITests */ = {
			isa = PBXNativeTarget;
			buildConfigurationList = 97FD074F2A6AD49D00A64808 /* Build configuration list for PBXNativeTarget "YouBikeTestUITests" */;
			buildPhases = (
				97FD073B2A6AD49D00A64808 /* Sources */,
				97FD073C2A6AD49D00A64808 /* Frameworks */,
				97FD073D2A6AD49D00A64808 /* Resources */,
			);
			buildRules = (
			);
			dependencies = (
				97FD07412A6AD49D00A64808 /* PBXTargetDependency */,
			);
			name = YouBikeTestUITests;
			productName = YouBikeTestUITests;
			productReference = 97FD073F2A6AD49D00A64808 /* YouBikeTestUITests.xctest */;
			productType = "com.apple.product-type.bundle.ui-testing";
		};
/* End PBXNativeTarget section */

/* Begin PBXProject section */
		97FD071D2A6AD49A00A64808 /* Project object */ = {
			isa = PBXProject;
			attributes = {
				BuildIndependentTargetsInParallel = 1;
				LastSwiftUpdateCheck = 1420;
				LastUpgradeCheck = 1420;
				TargetAttributes = {
					97FD07242A6AD49A00A64808 = {
						CreatedOnToolsVersion = 14.2;
					};
					97FD07342A6AD49D00A64808 = {
						CreatedOnToolsVersion = 14.2;
						TestTargetID = 97FD07242A6AD49A00A64808;
					};
					97FD073E2A6AD49D00A64808 = {
						CreatedOnToolsVersion = 14.2;
						TestTargetID = 97FD07242A6AD49A00A64808;
					};
				};
			};
			buildConfigurationList = 97FD07202A6AD49A00A64808 /* Build configuration list for PBXProject "YouBikeTest" */;
			compatibilityVersion = "Xcode 14.0";
			developmentRegion = en;
			hasScannedForEncodings = 0;
			knownRegions = (
				en,
				Base,
			);
			mainGroup = 97FD071C2A6AD49A00A64808;
			packageReferences = (
				97FD07522A6AD61900A64808 /* XCRemoteSwiftPackageReference "RxSwift" */,
				97FD076E2A6B5E7F00A64808 /* XCRemoteSwiftPackageReference "Alamofire" */,
			);
			productRefGroup = 97FD07262A6AD49A00A64808 /* Products */;
			projectDirPath = "";
			projectRoot = "";
			targets = (
				97FD07242A6AD49A00A64808 /* YouBikeTest */,
				97FD07342A6AD49D00A64808 /* YouBikeTestTests */,
				97FD073E2A6AD49D00A64808 /* YouBikeTestUITests */,
			);
		};
/* End PBXProject section */

/* Begin PBXResourcesBuildPhase section */
		97FD07232A6AD49A00A64808 /* Resources */ = {
			isa = PBXResourcesBuildPhase;
			buildActionMask = 2147483647;
			files = (
				97FD07302A6AD49C00A64808 /* Preview Assets.xcassets in Resources */,
				97FD072D2A6AD49C00A64808 /* Assets.xcassets in Resources */,
			);
			runOnlyForDeploymentPostprocessing = 0;
		};
		97FD07332A6AD49D00A64808 /* Resources */ = {
			isa = PBXResourcesBuildPhase;
			buildActionMask = 2147483647;
			files = (
			);
			runOnlyForDeploymentPostprocessing = 0;
		};
		97FD073D2A6AD49D00A64808 /* Resources */ = {
			isa = PBXResourcesBuildPhase;
			buildActionMask = 2147483647;
			files = (
			);
			runOnlyForDeploymentPostprocessing = 0;
		};
/* End PBXResourcesBuildPhase section */

/* Begin PBXSourcesBuildPhase section */
		97FD07212A6AD49A00A64808 /* Sources */ = {
			isa = PBXSourcesBuildPhase;
			buildActionMask = 2147483647;
			files = (
				97FD072B2A6AD49B00A64808 /* ContentView.swift in Sources */,
				97FD07722A6B688000A64808 /* UIColor.swift in Sources */,
				97977C692A6E030000BC89E0 /* AlamoFireInterface.swift in Sources */,
				97977C652A6BACAB00BC89E0 /* BikeStation.swift in Sources */,
				97977C632A6BAC1F00BC89E0 /* ListContentView.swift in Sources */,
				97977C672A6BC2D400BC89E0 /* ViewModel.swift in Sources */,
				97FD07292A6AD49A00A64808 /* YouBikeTestApp.swift in Sources */,
			);
			runOnlyForDeploymentPostprocessing = 0;
		};
		97FD07312A6AD49D00A64808 /* Sources */ = {
			isa = PBXSourcesBuildPhase;
			buildActionMask = 2147483647;
			files = (
				97FD073A2A6AD49D00A64808 /* YouBikeTestTests.swift in Sources */,
			);
			runOnlyForDeploymentPostprocessing = 0;
		};
		97FD073B2A6AD49D00A64808 /* Sources */ = {
			isa = PBXSourcesBuildPhase;
			buildActionMask = 2147483647;
			files = (
				97FD07442A6AD49D00A64808 /* YouBikeTestUITests.swift in Sources */,
				97FD07462A6AD49D00A64808 /* YouBikeTestUITestsLaunchTests.swift in Sources */,
			);
			runOnlyForDeploymentPostprocessing = 0;
		};
/* End PBXSourcesBuildPhase section */

/* Begin PBXTargetDependency section */
		97FD07372A6AD49D00A64808 /* PBXTargetDependency */ = {
			isa = PBXTargetDependency;
			target = 97FD07242A6AD49A00A64808 /* YouBikeTest */;
			targetProxy = 97FD07362A6AD49D00A64808 /* PBXContainerItemProxy */;
		};
		97FD07412A6AD49D00A64808 /* PBXTargetDependency */ = {
			isa = PBXTargetDependency;
			target = 97FD07242A6AD49A00A64808 /* YouBikeTest */;
			targetProxy = 97FD07402A6AD49D00A64808 /* PBXContainerItemProxy */;
		};
/* End PBXTargetDependency section */

/* Begin XCBuildConfiguration section */
		97FD07472A6AD49D00A64808 /* Debug */ = {
			isa = XCBuildConfiguration;
			buildSettings = {
				ALWAYS_SEARCH_USER_PATHS = NO;
				CLANG_ANALYZER_NONNULL = YES;
				CLANG_ANALYZER_NUMBER_OBJECT_CONVERSION = YES_AGGRESSIVE;
				CLANG_CXX_LANGUAGE_STANDARD = "gnu++20";
				CLANG_ENABLE_MODULES = YES;
				CLANG_ENABLE_OBJC_ARC = YES;
				CLANG_ENABLE_OBJC_WEAK = YES;
				CLANG_WARN_BLOCK_CAPTURE_AUTORELEASING = YES;
				CLANG_WARN_BOOL_CONVERSION = YES;
				CLANG_WARN_COMMA = YES;
				CLANG_WARN_CONSTANT_CONVERSION = YES;
				CLANG_WARN_DEPRECATED_OBJC_IMPLEMENTATIONS = YES;
				CLANG_WARN_DIRECT_OBJC_ISA_USAGE = YES_ERROR;
				CLANG_WARN_DOCUMENTATION_COMMENTS = YES;
				CLANG_WARN_EMPTY_BODY = YES;
				CLANG_WARN_ENUM_CONVERSION = YES;
				CLANG_WARN_INFINITE_RECURSION = YES;
				CLANG_WARN_INT_CONVERSION = YES;
				CLANG_WARN_NON_LITERAL_NULL_CONVERSION = YES;
				CLANG_WARN_OBJC_IMPLICIT_RETAIN_SELF = YES;
				CLANG_WARN_OBJC_LITERAL_CONVERSION = YES;
				CLANG_WARN_OBJC_ROOT_CLASS = YES_ERROR;
				CLANG_WARN_QUOTED_INCLUDE_IN_FRAMEWORK_HEADER = YES;
				CLANG_WARN_RANGE_LOOP_ANALYSIS = YES;
				CLANG_WARN_STRICT_PROTOTYPES = YES;
				CLANG_WARN_SUSPICIOUS_MOVE = YES;
				CLANG_WARN_UNGUARDED_AVAILABILITY = YES_AGGRESSIVE;
				CLANG_WARN_UNREACHABLE_CODE = YES;
				CLANG_WARN__DUPLICATE_METHOD_MATCH = YES;
				COPY_PHASE_STRIP = NO;
				DEBUG_INFORMATION_FORMAT = dwarf;
				ENABLE_STRICT_OBJC_MSGSEND = YES;
				ENABLE_TESTABILITY = YES;
				GCC_C_LANGUAGE_STANDARD = gnu11;
				GCC_DYNAMIC_NO_PIC = NO;
				GCC_NO_COMMON_BLOCKS = YES;
				GCC_OPTIMIZATION_LEVEL = 0;
				GCC_PREPROCESSOR_DEFINITIONS = (
					"DEBUG=1",
					"$(inherited)",
				);
				GCC_WARN_64_TO_32_BIT_CONVERSION = YES;
				GCC_WARN_ABOUT_RETURN_TYPE = YES_ERROR;
				GCC_WARN_UNDECLARED_SELECTOR = YES;
				GCC_WARN_UNINITIALIZED_AUTOS = YES_AGGRESSIVE;
				GCC_WARN_UNUSED_FUNCTION = YES;
				GCC_WARN_UNUSED_VARIABLE = YES;
				IPHONEOS_DEPLOYMENT_TARGET = 16.2;
				MTL_ENABLE_DEBUG_INFO = INCLUDE_SOURCE;
				MTL_FAST_MATH = YES;
				ONLY_ACTIVE_ARCH = YES;
				SDKROOT = iphoneos;
				SWIFT_ACTIVE_COMPILATION_CONDITIONS = DEBUG;
				SWIFT_OPTIMIZATION_LEVEL = "-Onone";
			};
			name = Debug;
		};
		97FD07482A6AD49D00A64808 /* Release */ = {
			isa = XCBuildConfiguration;
			buildSettings = {
				ALWAYS_SEARCH_USER_PATHS = NO;
				CLANG_ANALYZER_NONNULL = YES;
				CLANG_ANALYZER_NUMBER_OBJECT_CONVERSION = YES_AGGRESSIVE;
				CLANG_CXX_LANGUAGE_STANDARD = "gnu++20";
				CLANG_ENABLE_MODULES = YES;
				CLANG_ENABLE_OBJC_ARC = YES;
				CLANG_ENABLE_OBJC_WEAK = YES;
				CLANG_WARN_BLOCK_CAPTURE_AUTORELEASING = YES;
				CLANG_WARN_BOOL_CONVERSION = YES;
				CLANG_WARN_COMMA = YES;
				CLANG_WARN_CONSTANT_CONVERSION = YES;
				CLANG_WARN_DEPRECATED_OBJC_IMPLEMENTATIONS = YES;
				CLANG_WARN_DIRECT_OBJC_ISA_USAGE = YES_ERROR;
				CLANG_WARN_DOCUMENTATION_COMMENTS = YES;
				CLANG_WARN_EMPTY_BODY = YES;
				CLANG_WARN_ENUM_CONVERSION = YES;
				CLANG_WARN_INFINITE_RECURSION = YES;
				CLANG_WARN_INT_CONVERSION = YES;
				CLANG_WARN_NON_LITERAL_NULL_CONVERSION = YES;
				CLANG_WARN_OBJC_IMPLICIT_RETAIN_SELF = YES;
				CLANG_WARN_OBJC_LITERAL_CONVERSION = YES;
				CLANG_WARN_OBJC_ROOT_CLASS = YES_ERROR;
				CLANG_WARN_QUOTED_INCLUDE_IN_FRAMEWORK_HEADER = YES;
				CLANG_WARN_RANGE_LOOP_ANALYSIS = YES;
				CLANG_WARN_STRICT_PROTOTYPES = YES;
				CLANG_WARN_SUSPICIOUS_MOVE = YES;
				CLANG_WARN_UNGUARDED_AVAILABILITY = YES_AGGRESSIVE;
				CLANG_WARN_UNREACHABLE_CODE = YES;
				CLANG_WARN__DUPLICATE_METHOD_MATCH = YES;
				COPY_PHASE_STRIP = NO;
				DEBUG_INFORMATION_FORMAT = "dwarf-with-dsym";
				ENABLE_NS_ASSERTIONS = NO;
				ENABLE_STRICT_OBJC_MSGSEND = YES;
				GCC_C_LANGUAGE_STANDARD = gnu11;
				GCC_NO_COMMON_BLOCKS = YES;
				GCC_WARN_64_TO_32_BIT_CONVERSION = YES;
				GCC_WARN_ABOUT_RETURN_TYPE = YES_ERROR;
				GCC_WARN_UNDECLARED_SELECTOR = YES;
				GCC_WARN_UNINITIALIZED_AUTOS = YES_AGGRESSIVE;
				GCC_WARN_UNUSED_FUNCTION = YES;
				GCC_WARN_UNUSED_VARIABLE = YES;
				IPHONEOS_DEPLOYMENT_TARGET = 16.2;
				MTL_ENABLE_DEBUG_INFO = NO;
				MTL_FAST_MATH = YES;
				SDKROOT = iphoneos;
				SWIFT_COMPILATION_MODE = wholemodule;
				SWIFT_OPTIMIZATION_LEVEL = "-O";
				VALIDATE_PRODUCT = YES;
			};
			name = Release;
		};
		97FD074A2A6AD49D00A64808 /* Debug */ = {
			isa = XCBuildConfiguration;
			buildSettings = {
				ASSETCATALOG_COMPILER_APPICON_NAME = AppIcon;
				ASSETCATALOG_COMPILER_GLOBAL_ACCENT_COLOR_NAME = AccentColor;
				CODE_SIGN_STYLE = Automatic;
				CURRENT_PROJECT_VERSION = 1;
				DEVELOPMENT_ASSET_PATHS = "\"YouBikeTest/Preview Content\"";
				DEVELOPMENT_TEAM = QRA5DG5SAD;
				ENABLE_PREVIEWS = YES;
				GENERATE_INFOPLIST_FILE = YES;
				INFOPLIST_KEY_UIApplicationSceneManifest_Generation = YES;
				INFOPLIST_KEY_UIApplicationSupportsIndirectInputEvents = YES;
				INFOPLIST_KEY_UILaunchScreen_Generation = YES;
				INFOPLIST_KEY_UISupportedInterfaceOrientations_iPad = "UIInterfaceOrientationPortrait UIInterfaceOrientationPortraitUpsideDown UIInterfaceOrientationLandscapeLeft UIInterfaceOrientationLandscapeRight";
				INFOPLIST_KEY_UISupportedInterfaceOrientations_iPhone = "UIInterfaceOrientationPortrait UIInterfaceOrientationLandscapeLeft UIInterfaceOrientationLandscapeRight";
				LD_RUNPATH_SEARCH_PATHS = (
					"$(inherited)",
					"@executable_path/Frameworks",
				);
				MARKETING_VERSION = 1.0;
				PRODUCT_BUNDLE_IDENTIFIER = com.mj.YouBikeTest;
				PRODUCT_NAME = "$(TARGET_NAME)";
				SWIFT_EMIT_LOC_STRINGS = YES;
				SWIFT_VERSION = 5.0;
				TARGETED_DEVICE_FAMILY = "1,2";
			};
			name = Debug;
		};
		97FD074B2A6AD49D00A64808 /* Release */ = {
			isa = XCBuildConfiguration;
			buildSettings = {
				ASSETCATALOG_COMPILER_APPICON_NAME = AppIcon;
				ASSETCATALOG_COMPILER_GLOBAL_ACCENT_COLOR_NAME = AccentColor;
				CODE_SIGN_STYLE = Automatic;
				CURRENT_PROJECT_VERSION = 1;
				DEVELOPMENT_ASSET_PATHS = "\"YouBikeTest/Preview Content\"";
				DEVELOPMENT_TEAM = QRA5DG5SAD;
				ENABLE_PREVIEWS = YES;
				GENERATE_INFOPLIST_FILE = YES;
				INFOPLIST_KEY_UIApplicationSceneManifest_Generation = YES;
				INFOPLIST_KEY_UIApplicationSupportsIndirectInputEvents = YES;
				INFOPLIST_KEY_UILaunchScreen_Generation = YES;
				INFOPLIST_KEY_UISupportedInterfaceOrientations_iPad = "UIInterfaceOrientationPortrait UIInterfaceOrientationPortraitUpsideDown UIInterfaceOrientationLandscapeLeft UIInterfaceOrientationLandscapeRight";
				INFOPLIST_KEY_UISupportedInterfaceOrientations_iPhone = "UIInterfaceOrientationPortrait UIInterfaceOrientationLandscapeLeft UIInterfaceOrientationLandscapeRight";
				LD_RUNPATH_SEARCH_PATHS = (
					"$(inherited)",
					"@executable_path/Frameworks",
				);
				MARKETING_VERSION = 1.0;
				PRODUCT_BUNDLE_IDENTIFIER = com.mj.YouBikeTest;
				PRODUCT_NAME = "$(TARGET_NAME)";
				SWIFT_EMIT_LOC_STRINGS = YES;
				SWIFT_VERSION = 5.0;
				TARGETED_DEVICE_FAMILY = "1,2";
			};
			name = Release;
		};
		97FD074D2A6AD49D00A64808 /* Debug */ = {
			isa = XCBuildConfiguration;
			buildSettings = {
				ALWAYS_EMBED_SWIFT_STANDARD_LIBRARIES = YES;
				BUNDLE_LOADER = "$(TEST_HOST)";
				CODE_SIGN_STYLE = Automatic;
				CURRENT_PROJECT_VERSION = 1;
				DEVELOPMENT_TEAM = QRA5DG5SAD;
				GENERATE_INFOPLIST_FILE = YES;
				IPHONEOS_DEPLOYMENT_TARGET = 16.2;
				MARKETING_VERSION = 1.0;
				PRODUCT_BUNDLE_IDENTIFIER = com.mj.YouBikeTestTests;
				PRODUCT_NAME = "$(TARGET_NAME)";
				SWIFT_EMIT_LOC_STRINGS = NO;
				SWIFT_VERSION = 5.0;
				TARGETED_DEVICE_FAMILY = "1,2";
				TEST_HOST = "$(BUILT_PRODUCTS_DIR)/YouBikeTest.app/$(BUNDLE_EXECUTABLE_FOLDER_PATH)/YouBikeTest";
			};
			name = Debug;
		};
		97FD074E2A6AD49D00A64808 /* Release */ = {
			isa = XCBuildConfiguration;
			buildSettings = {
				ALWAYS_EMBED_SWIFT_STANDARD_LIBRARIES = YES;
				BUNDLE_LOADER = "$(TEST_HOST)";
				CODE_SIGN_STYLE = Automatic;
				CURRENT_PROJECT_VERSION = 1;
				DEVELOPMENT_TEAM = QRA5DG5SAD;
				GENERATE_INFOPLIST_FILE = YES;
				IPHONEOS_DEPLOYMENT_TARGET = 16.2;
				MARKETING_VERSION = 1.0;
				PRODUCT_BUNDLE_IDENTIFIER = com.mj.YouBikeTestTests;
				PRODUCT_NAME = "$(TARGET_NAME)";
				SWIFT_EMIT_LOC_STRINGS = NO;
				SWIFT_VERSION = 5.0;
				TARGETED_DEVICE_FAMILY = "1,2";
				TEST_HOST = "$(BUILT_PRODUCTS_DIR)/YouBikeTest.app/$(BUNDLE_EXECUTABLE_FOLDER_PATH)/YouBikeTest";
			};
			name = Release;
		};
		97FD07502A6AD49D00A64808 /* Debug */ = {
			isa = XCBuildConfiguration;
			buildSettings = {
				ALWAYS_EMBED_SWIFT_STANDARD_LIBRARIES = YES;
				CODE_SIGN_STYLE = Automatic;
				CURRENT_PROJECT_VERSION = 1;
				DEVELOPMENT_TEAM = QRA5DG5SAD;
				GENERATE_INFOPLIST_FILE = YES;
				MARKETING_VERSION = 1.0;
				PRODUCT_BUNDLE_IDENTIFIER = com.mj.YouBikeTestUITests;
				PRODUCT_NAME = "$(TARGET_NAME)";
				SWIFT_EMIT_LOC_STRINGS = NO;
				SWIFT_VERSION = 5.0;
				TARGETED_DEVICE_FAMILY = "1,2";
				TEST_TARGET_NAME = YouBikeTest;
			};
			name = Debug;
		};
		97FD07512A6AD49D00A64808 /* Release */ = {
			isa = XCBuildConfiguration;
			buildSettings = {
				ALWAYS_EMBED_SWIFT_STANDARD_LIBRARIES = YES;
				CODE_SIGN_STYLE = Automatic;
				CURRENT_PROJECT_VERSION = 1;
				DEVELOPMENT_TEAM = QRA5DG5SAD;
				GENERATE_INFOPLIST_FILE = YES;
				MARKETING_VERSION = 1.0;
				PRODUCT_BUNDLE_IDENTIFIER = com.mj.YouBikeTestUITests;
				PRODUCT_NAME = "$(TARGET_NAME)";
				SWIFT_EMIT_LOC_STRINGS = NO;
				SWIFT_VERSION = 5.0;
				TARGETED_DEVICE_FAMILY = "1,2";
				TEST_TARGET_NAME = YouBikeTest;
			};
			name = Release;
		};
/* End XCBuildConfiguration section */

/* Begin XCConfigurationList section */
		97FD07202A6AD49A00A64808 /* Build configuration list for PBXProject "YouBikeTest" */ = {
			isa = XCConfigurationList;
			buildConfigurations = (
				97FD07472A6AD49D00A64808 /* Debug */,
				97FD07482A6AD49D00A64808 /* Release */,
			);
			defaultConfigurationIsVisible = 0;
			defaultConfigurationName = Release;
		};
		97FD07492A6AD49D00A64808 /* Build configuration list for PBXNativeTarget "YouBikeTest" */ = {
			isa = XCConfigurationList;
			buildConfigurations = (
				97FD074A2A6AD49D00A64808 /* Debug */,
				97FD074B2A6AD49D00A64808 /* Release */,
			);
			defaultConfigurationIsVisible = 0;
			defaultConfigurationName = Release;
		};
		97FD074C2A6AD49D00A64808 /* Build configuration list for PBXNativeTarget "YouBikeTestTests" */ = {
			isa = XCConfigurationList;
			buildConfigurations = (
				97FD074D2A6AD49D00A64808 /* Debug */,
				97FD074E2A6AD49D00A64808 /* Release */,
			);
			defaultConfigurationIsVisible = 0;
			defaultConfigurationName = Release;
		};
		97FD074F2A6AD49D00A64808 /* Build configuration list for PBXNativeTarget "YouBikeTestUITests" */ = {
			isa = XCConfigurationList;
			buildConfigurations = (
				97FD07502A6AD49D00A64808 /* Debug */,
				97FD07512A6AD49D00A64808 /* Release */,
			);
			defaultConfigurationIsVisible = 0;
			defaultConfigurationName = Release;
		};
/* End XCConfigurationList section */

/* Begin XCRemoteSwiftPackageReference section */
		97FD07522A6AD61900A64808 /* XCRemoteSwiftPackageReference "RxSwift" */ = {
			isa = XCRemoteSwiftPackageReference;
			repositoryURL = "https://github.com/ReactiveX/RxSwift";
			requirement = {
				kind = upToNextMajorVersion;
				minimumVersion = 6.0.0;
			};
		};
		97FD076E2A6B5E7F00A64808 /* XCRemoteSwiftPackageReference "Alamofire" */ = {
			isa = XCRemoteSwiftPackageReference;
			repositoryURL = "https://github.com/Alamofire/Alamofire";
			requirement = {
				branch = master;
				kind = branch;
			};
		};
/* End XCRemoteSwiftPackageReference section */

/* Begin XCSwiftPackageProductDependency section */
		97FD07682A6B5E3E00A64808 /* RxSwift */ = {
			isa = XCSwiftPackageProductDependency;
			package = 97FD07522A6AD61900A64808 /* XCRemoteSwiftPackageReference "RxSwift" */;
			productName = RxSwift;
		};
		97FD076A2A6B5E4300A64808 /* RxCocoa */ = {
			isa = XCSwiftPackageProductDependency;
			package = 97FD07522A6AD61900A64808 /* XCRemoteSwiftPackageReference "RxSwift" */;
			productName = RxCocoa;
		};
		97FD076C2A6B5E4600A64808 /* RxRelay */ = {
			isa = XCSwiftPackageProductDependency;
			package = 97FD07522A6AD61900A64808 /* XCRemoteSwiftPackageReference "RxSwift" */;
			productName = RxRelay;
		};
		97FD076F2A6B5E7F00A64808 /* Alamofire */ = {
			isa = XCSwiftPackageProductDependency;
			package = 97FD076E2A6B5E7F00A64808 /* XCRemoteSwiftPackageReference "Alamofire" */;
			productName = Alamofire;
		};
/* End XCSwiftPackageProductDependency section */
	};
	rootObject = 97FD071D2A6AD49A00A64808 /* Project object */;
}
